hash: 8a6094742b20bf3878f4f7021e9639d53e1e324e6c3a98a4d6eb8b9b073b5c6d
updated: 2017-08-03T19:46:37.39887804-07:00
imports:
- name: github.com/go-yaml/yaml
  version: 3b4ad1db5b2a649883ff3782f5f9f6fb52be71af
- name: github.com/gorilla/websocket
  version: 462d5c5828f6203e4047c47be2920315937be380
- name: github.com/icrowley/fake
  version: 84bff6d01560fb0b5a396ba29534e93fd00d09c6
- name: github.com/jmataya/nile
  version: 907d0089cd02b1f0cd7a02d7f369b4c19a60d692
- name: github.com/lib/pq
  version: 55196ec83d60d789e27b2627549bf00974a70084
  subpackages:
  - oid
- name: github.com/mattes/migrate
  version: 8e6084bc9ceccbbf8d9c40d9ce8a5532194cb42b
  subpackages:
  - database
  - database/postgres
  - source
  - source/file
- name: github.com/urfave/cli
  version: 9e5b04886c4bfee2ceba1465b8121057355c4e53
- name: gopkg.in/yaml.v2
  version: e4d366fc3c7938e2958e662b4258c7a89e1f0e3e
testImports: []
